{
  "name": "A1",
  "lockfileVersion": 2,
  "requires": true,
  "packages": {
    "": {
      "dependencies": {
        "leaflet-webgl-heatmap": "^0.2.7"
      }
    },
    "node_modules/leaflet-webgl-heatmap": {
      "version": "0.2.7",
      "resolved": "https://registry.npmjs.org/leaflet-webgl-heatmap/-/leaflet-webgl-heatmap-0.2.7.tgz",
      "integrity": "sha512-PFntI52n5YiCkdn3fnisyWS0HgAQYRImPhD9Vn8ZY0XhVSjjJzJhXgci9WbLLD5xr77CbQrfak3bQSxa7WS5mQ=="
    }
  },
  "dependencies": {
    "leaflet-webgl-heatmap": {
      "version": "0.2.7",
      "resolved": "https://registry.npmjs.org/leaflet-webgl-heatmap/-/leaflet-webgl-heatmap-0.2.7.tgz",
      "integrity": "sha512-PFntI52n5YiCkdn3fnisyWS0HgAQYRImPhD9Vn8ZY0XhVSjjJzJhXgci9WbLLD5xr77CbQrfak3bQSxa7WS5mQ=="
    }
  }
}
